
Microsoft Visual Studio Solution File, Format Version 12.00
# Visual Studio 2013
VisualStudioVersion = 12.0.31101.0
MinimumVisualStudioVersion = 10.0.40219.1
Project("{FAE04EC0-301F-11D3-BF4B-00C04F79EFBC}") = "Solid", "Solid.csproj", "{DBFB0B8F-8F09-4D2B-BB34-20D888CB9903}"
EndProject
Project("{FAE04EC0-301F-11D3-BF4B-00C04F79EFBC}") = "Tests", "..\Tests\Tests.csproj", "{E78D1978-A2DF-4519-9AD4-8EFE536A85A3}"
EndProject
Project("{FAE04EC0-301F-11D3-BF4B-00C04F79EFBC}") = "RefactoredSolid", "RefactoredSolid\RefactoredSolid.csproj", "{DE6258A8-6BC0-4503-B268-82561BCF9128}"
EndProject
Project("{FAE04EC0-301F-11D3-BF4B-00C04F79EFBC}") = "RefactoredTests", "RefactoredTests\RefactoredTests.csproj", "{E61DE75A-1313-47F6-9AB6-BE2C22D7578D}"
EndProject
Global
	GlobalSection(SolutionConfigurationPlatforms) = preSolution
		Debug|Any CPU = Debug|Any CPU
		Release|Any CPU = Release|Any CPU
	EndGlobalSection
	GlobalSection(ProjectConfigurationPlatforms) = postSolution
		{DBFB0B8F-8F09-4D2B-BB34-20D888CB9903}.Debug|Any CPU.ActiveCfg = Debug|Any CPU
		{DBFB0B8F-8F09-4D2B-BB34-20D888CB9903}.Debug|Any CPU.Build.0 = Debug|Any CPU
		{DBFB0B8F-8F09-4D2B-BB34-20D888CB9903}.Release|Any CPU.ActiveCfg = Release|Any CPU
		{DBFB0B8F-8F09-4D2B-BB34-20D888CB9903}.Release|Any CPU.Build.0 = Release|Any CPU
		{E78D1978-A2DF-4519-9AD4-8EFE536A85A3}.Debug|Any CPU.ActiveCfg = Debug|Any CPU
		{E78D1978-A2DF-4519-9AD4-8EFE536A85A3}.Debug|Any CPU.Build.0 = Debug|Any CPU
		{E78D1978-A2DF-4519-9AD4-8EFE536A85A3}.Release|Any CPU.ActiveCfg = Release|Any CPU
		{E78D1978-A2DF-4519-9AD4-8EFE536A85A3}.Release|Any CPU.Build.0 = Release|Any CPU
		{DE6258A8-6BC0-4503-B268-82561BCF9128}.Debug|Any CPU.ActiveCfg = Debug|Any CPU
		{DE6258A8-6BC0-4503-B268-82561BCF9128}.Debug|Any CPU.Build.0 = Debug|Any CPU
		{DE6258A8-6BC0-4503-B268-82561BCF9128}.Release|Any CPU.ActiveCfg = Release|Any CPU
		{DE6258A8-6BC0-4503-B268-82561BCF9128}.Release|Any CPU.Build.0 = Release|Any CPU
		{E61DE75A-1313-47F6-9AB6-BE2C22D7578D}.Debug|Any CPU.ActiveCfg = Debug|Any CPU
		{E61DE75A-1313-47F6-9AB6-BE2C22D7578D}.Debug|Any CPU.Build.0 = Debug|Any CPU
		{E61DE75A-1313-47F6-9AB6-BE2C22D7578D}.Release|Any CPU.ActiveCfg = Release|Any CPU
		{E61DE75A-1313-47F6-9AB6-BE2C22D7578D}.Release|Any CPU.Build.0 = Release|Any CPU
	EndGlobalSection
	GlobalSection(SolutionProperties) = preSolution
		HideSolutionNode = FALSE
	EndGlobalSection
EndGlobal
